// !$*UTF8*$!
{
	archiveVersion = 1;
	classes = {
	};
	objectVersion = 46;
	objects = {

/* Begin PBXBuildFile section */
		041A7D7616D492B400F91496 /* enterNameCell.m in Sources */ = {isa = PBXBuildFile; fileRef = 041A7D7516D492B400F91496 /* enterNameCell.m */; };
		041A7D7816D492C900F91496 /* enterNameCell.xib in Resources */ = {isa = PBXBuildFile; fileRef = 041A7D7716D492C900F91496 /* enterNameCell.xib */; };
		041A7D7D16D4945B00F91496 /* enterTextCell.xib in Resources */ = {isa = PBXBuildFile; fileRef = 041A7D7C16D4945B00F91496 /* enterTextCell.xib */; };
		041A7D8016D4946F00F91496 /* enterTextCell.m in Sources */ = {isa = PBXBuildFile; fileRef = 041A7D7F16D4946F00F91496 /* enterTextCell.m */; };
		041A7D8416D496A700F91496 /* addNewNoteViewController.m in Sources */ = {isa = PBXBuildFile; fileRef = 041A7D8316D496A700F91496 /* addNewNoteViewController.m */; };
		041A7D8716D496DF00F91496 /* privateSwitcherCell.m in Sources */ = {isa = PBXBuildFile; fileRef = 041A7D8616D496DF00F91496 /* privateSwitcherCell.m */; };
		041A7D8B16D4974200F91496 /* privateSwitcher.xib in Resources */ = {isa = PBXBuildFile; fileRef = 041A7D8A16D4974200F91496 /* privateSwitcher.xib */; };
		0434EB0916D3A18000BD9C2B /* UIKit.framework in Frameworks */ = {isa = PBXBuildFile; fileRef = 0434EB0816D3A18000BD9C2B /* UIKit.framework */; };
		0434EB0B16D3A18000BD9C2B /* Foundation.framework in Frameworks */ = {isa = PBXBuildFile; fileRef = 0434EB0A16D3A18000BD9C2B /* Foundation.framework */; };
		0434EB0D16D3A18000BD9C2B /* CoreGraphics.framework in Frameworks */ = {isa = PBXBuildFile; fileRef = 0434EB0C16D3A18000BD9C2B /* CoreGraphics.framework */; };
		0434EB0F16D3A18000BD9C2B /* CoreData.framework in Frameworks */ = {isa = PBXBuildFile; fileRef = 0434EB0E16D3A18000BD9C2B /* CoreData.framework */; };
		0434EB1516D3A18000BD9C2B /* InfoPlist.strings in Resources */ = {isa = PBXBuildFile; fileRef = 0434EB1316D3A18000BD9C2B /* InfoPlist.strings */; };
		0434EB1716D3A18000BD9C2B /* main.m in Sources */ = {isa = PBXBuildFile; fileRef = 0434EB1616D3A18000BD9C2B /* main.m */; };
		0434EB1B16D3A18000BD9C2B /* AppDelegate.m in Sources */ = {isa = PBXBuildFile; fileRef = 0434EB1A16D3A18000BD9C2B /* AppDelegate.m */; };
		0434EB1D16D3A18000BD9C2B /* Default.png in Resources */ = {isa = PBXBuildFile; fileRef = 0434EB1C16D3A18000BD9C2B /* Default.png */; };
		0434EB1F16D3A18000BD9C2B /* Default@2x.png in Resources */ = {isa = PBXBuildFile; fileRef = 0434EB1E16D3A18000BD9C2B /* Default@2x.png */; };
		0434EB2116D3A18000BD9C2B /* Default-568h@2x.png in Resources */ = {isa = PBXBuildFile; fileRef = 0434EB2016D3A18000BD9C2B /* Default-568h@2x.png */; };
		044DE1A116D3AE54004CDE0A /* notesListViewController.m in Sources */ = {isa = PBXBuildFile; fileRef = 044DE19F16D3AE54004CDE0A /* notesListViewController.m */; };
		044DE1AF16D3B045004CDE0A /* passwordSingleton.m in Sources */ = {isa = PBXBuildFile; fileRef = 044DE1AE16D3B045004CDE0A /* passwordSingleton.m */; };
		044DE1B816D3B237004CDE0A /* Window.xib in Resources */ = {isa = PBXBuildFile; fileRef = 044DE1B716D3B237004CDE0A /* Window.xib */; };
		044DE1BC16D3B4C7004CDE0A /* OptionsViewController.m in Sources */ = {isa = PBXBuildFile; fileRef = 044DE1BB16D3B4C7004CDE0A /* OptionsViewController.m */; };
		044DE1C016D3B60B004CDE0A /* noteListCell.m in Sources */ = {isa = PBXBuildFile; fileRef = 044DE1BF16D3B60B004CDE0A /* noteListCell.m */; };
		044DE1C216D3B620004CDE0A /* noteListCell.xib in Resources */ = {isa = PBXBuildFile; fileRef = 044DE1C116D3B620004CDE0A /* noteListCell.xib */; };
		04CF122816D4004B009D89E3 /* lock.png in Resources */ = {isa = PBXBuildFile; fileRef = 04CF122516D4004B009D89E3 /* lock.png */; };
		04CF122916D4004B009D89E3 /* list.png in Resources */ = {isa = PBXBuildFile; fileRef = 04CF122616D4004B009D89E3 /* list.png */; };
		04CF122A16D4004B009D89E3 /* gear.png in Resources */ = {isa = PBXBuildFile; fileRef = 04CF122716D4004B009D89E3 /* gear.png */; };
		04CF123916D404C8009D89E3 /* Model3.xcdatamodeld in Sources */ = {isa = PBXBuildFile; fileRef = 04CF123716D404C8009D89E3 /* Model3.xcdatamodeld */; };
		04D6D3FE16DCF72F0053C4AF /* Icon.png in Resources */ = {isa = PBXBuildFile; fileRef = 04D6D3FD16DCF72F0053C4AF /* Icon.png */; };
		04D6D40216DCF7980053C4AF /* passwordViewController.m in Sources */ = {isa = PBXBuildFile; fileRef = 04D6D40116DCF7980053C4AF /* passwordViewController.m */; };
		04D6D40516DCF7FA0053C4AF /* Note.m in Sources */ = {isa = PBXBuildFile; fileRef = 04D6D40416DCF7FA0053C4AF /* Note.m */; };
		04D6D40816DCF7FB0053C4AF /* Pswd.m in Sources */ = {isa = PBXBuildFile; fileRef = 04D6D40716DCF7FB0053C4AF /* Pswd.m */; };
		04D6D40C16DDCE620053C4AF /* passwordCell.m in Sources */ = {isa = PBXBuildFile; fileRef = 04D6D40B16DDCE620053C4AF /* passwordCell.m */; };
		04D6D40E16DDCE740053C4AF /* passwordCell.xib in Resources */ = {isa = PBXBuildFile; fileRef = 04D6D40D16DDCE740053C4AF /* passwordCell.xib */; };
		04D6D41216DDE1290053C4AF /* askPasswordViewController.m in Sources */ = {isa = PBXBuildFile; fileRef = 04D6D41116DDE1290053C4AF /* askPasswordViewController.m */; };
/* End PBXBuildFile section */

/* Begin PBXFileReference section */
		041A7D7416D492B400F91496 /* enterNameCell.h */ = {isa = PBXFileReference; fileEncoding = 4; lastKnownFileType = sourcecode.c.h; path = enterNameCell.h; sourceTree = "<group>"; };
		041A7D7516D492B400F91496 /* enterNameCell.m */ = {isa = PBXFileReference; fileEncoding = 4; lastKnownFileType = sourcecode.c.objc; path = enterNameCell.m; sourceTree = "<group>"; };
		041A7D7716D492C900F91496 /* enterNameCell.xib */ = {isa = PBXFileReference; fileEncoding = 4; lastKnownFileType = file.xib; path = enterNameCell.xib; sourceTree = "<group>"; };
		041A7D7C16D4945B00F91496 /* enterTextCell.xib */ = {isa = PBXFileReference; fileEncoding = 4; lastKnownFileType = file.xib; path = enterTextCell.xib; sourceTree = "<group>"; };
		041A7D7E16D4946F00F91496 /* enterTextCell.h */ = {isa = PBXFileReference; fileEncoding = 4; lastKnownFileType = sourcecode.c.h; path = enterTextCell.h; sourceTree = "<group>"; };
		041A7D7F16D4946F00F91496 /* enterTextCell.m */ = {isa = PBXFileReference; fileEncoding = 4; lastKnownFileType = sourcecode.c.objc; path = enterTextCell.m; sourceTree = "<group>"; };
		041A7D8216D496A700F91496 /* addNewNoteViewController.h */ = {isa = PBXFileReference; fileEncoding = 4; lastKnownFileType = sourcecode.c.h; path = addNewNoteViewController.h; sourceTree = "<group>"; };
		041A7D8316D496A700F91496 /* addNewNoteViewController.m */ = {isa = PBXFileReference; fileEncoding = 4; lastKnownFileType = sourcecode.c.objc; path = addNewNoteViewController.m; sourceTree = "<group>"; };
		041A7D8516D496DF00F91496 /* privateSwitcherCell.h */ = {isa = PBXFileReference; fileEncoding = 4; lastKnownFileType = sourcecode.c.h; path = privateSwitcherCell.h; sourceTree = "<group>"; };
		041A7D8616D496DF00F91496 /* privateSwitcherCell.m */ = {isa = PBXFileReference; fileEncoding = 4; lastKnownFileType = sourcecode.c.objc; path = privateSwitcherCell.m; sourceTree = "<group>"; };
		041A7D8A16D4974200F91496 /* privateSwitcher.xib */ = {isa = PBXFileReference; fileEncoding = 4; lastKnownFileType = file.xib; path = privateSwitcher.xib; sourceTree = "<group>"; };
		0434EB0416D3A18000BD9C2B /* notes.app */ = {isa = PBXFileReference; explicitFileType = wrapper.application; includeInIndex = 0; path = notes.app; sourceTree = BUILT_PRODUCTS_DIR; };
		0434EB0816D3A18000BD9C2B /* UIKit.framework */ = {isa = PBXFileReference; lastKnownFileType = wrapper.framework; name = UIKit.framework; path = System/Library/Frameworks/UIKit.framework; sourceTree = SDKROOT; };
		0434EB0A16D3A18000BD9C2B /* Foundation.framework */ = {isa = PBXFileReference; lastKnownFileType = wrapper.framework; name = Foundation.framework; path = System/Library/Frameworks/Foundation.framework; sourceTree = SDKROOT; };
		0434EB0C16D3A18000BD9C2B /* CoreGraphics.framework */ = {isa = PBXFileReference; lastKnownFileType = wrapper.framework; name = CoreGraphics.framework; path = System/Library/Frameworks/CoreGraphics.framework; sourceTree = SDKROOT; };
		0434EB0E16D3A18000BD9C2B /* CoreData.framework */ = {isa = PBXFileReference; lastKnownFileType = wrapper.framework; name = CoreData.framework; path = System/Library/Frameworks/CoreData.framework; sourceTree = SDKROOT; };
		0434EB1216D3A18000BD9C2B /* notes-Info.plist */ = {isa = PBXFileReference; lastKnownFileType = text.plist.xml; path = "notes-Info.plist"; sourceTree = "<group>"; };
		0434EB1416D3A18000BD9C2B /* en */ = {isa = PBXFileReference; lastKnownFileType = text.plist.strings; name = en; path = en.lproj/InfoPlist.strings; sourceTree = "<group>"; };
		0434EB1616D3A18000BD9C2B /* main.m */ = {isa = PBXFileReference; lastKnownFileType = sourcecode.c.objc; path = main.m; sourceTree = "<group>"; };
		0434EB1816D3A18000BD9C2B /* notes-Prefix.pch */ = {isa = PBXFileReference; lastKnownFileType = sourcecode.c.h; path = "notes-Prefix.pch"; sourceTree = "<group>"; };
		0434EB1916D3A18000BD9C2B /* AppDelegate.h */ = {isa = PBXFileReference; lastKnownFileType = sourcecode.c.h; path = AppDelegate.h; sourceTree = "<group>"; };
		0434EB1A16D3A18000BD9C2B /* AppDelegate.m */ = {isa = PBXFileReference; lastKnownFileType = sourcecode.c.objc; path = AppDelegate.m; sourceTree = "<group>"; };
		0434EB1C16D3A18000BD9C2B /* Default.png */ = {isa = PBXFileReference; lastKnownFileType = image.png; path = Default.png; sourceTree = "<group>"; };
		0434EB1E16D3A18000BD9C2B /* Default@2x.png */ = {isa = PBXFileReference; lastKnownFileType = image.png; path = "Default@2x.png"; sourceTree = "<group>"; };
		0434EB2016D3A18000BD9C2B /* Default-568h@2x.png */ = {isa = PBXFileReference; lastKnownFileType = image.png; path = "Default-568h@2x.png"; sourceTree = "<group>"; };
		044DE19E16D3AE54004CDE0A /* notesListViewController.h */ = {isa = PBXFileReference; fileEncoding = 4; lastKnownFileType = sourcecode.c.h; path = notesListViewController.h; sourceTree = "<group>"; };
		044DE19F16D3AE54004CDE0A /* notesListViewController.m */ = {isa = PBXFileReference; fileEncoding = 4; lastKnownFileType = sourcecode.c.objc; path = notesListViewController.m; sourceTree = "<group>"; };
		044DE1AD16D3B045004CDE0A /* passwordSingleton.h */ = {isa = PBXFileReference; fileEncoding = 4; lastKnownFileType = sourcecode.c.h; path = passwordSingleton.h; sourceTree = "<group>"; };
		044DE1AE16D3B045004CDE0A /* passwordSingleton.m */ = {isa = PBXFileReference; fileEncoding = 4; lastKnownFileType = sourcecode.c.objc; path = passwordSingleton.m; sourceTree = "<group>"; };
		044DE1B716D3B237004CDE0A /* Window.xib */ = {isa = PBXFileReference; fileEncoding = 4; lastKnownFileType = file.xib; path = Window.xib; sourceTree = "<group>"; };
		044DE1BA16D3B4C7004CDE0A /* OptionsViewController.h */ = {isa = PBXFileReference; fileEncoding = 4; lastKnownFileType = sourcecode.c.h; path = OptionsViewController.h; sourceTree = "<group>"; };
		044DE1BB16D3B4C7004CDE0A /* OptionsViewController.m */ = {isa = PBXFileReference; fileEncoding = 4; lastKnownFileType = sourcecode.c.objc; path = OptionsViewController.m; sourceTree = "<group>"; };
		044DE1BE16D3B60B004CDE0A /* noteListCell.h */ = {isa = PBXFileReference; fileEncoding = 4; lastKnownFileType = sourcecode.c.h; path = noteListCell.h; sourceTree = "<group>"; };
		044DE1BF16D3B60B004CDE0A /* noteListCell.m */ = {isa = PBXFileReference; fileEncoding = 4; lastKnownFileType = sourcecode.c.objc; path = noteListCell.m; sourceTree = "<group>"; };
		044DE1C116D3B620004CDE0A /* noteListCell.xib */ = {isa = PBXFileReference; fileEncoding = 4; lastKnownFileType = file.xib; path = noteListCell.xib; sourceTree = "<group>"; };
		04CF122516D4004B009D89E3 /* lock.png */ = {isa = PBXFileReference; lastKnownFileType = image.png; name = lock.png; path = Pics/lock.png; sourceTree = SOURCE_ROOT; };
		04CF122616D4004B009D89E3 /* list.png */ = {isa = PBXFileReference; lastKnownFileType = image.png; name = list.png; path = Pics/list.png; sourceTree = SOURCE_ROOT; };
		04CF122716D4004B009D89E3 /* gear.png */ = {isa = PBXFileReference; lastKnownFileType = image.png; name = gear.png; path = Pics/gear.png; sourceTree = SOURCE_ROOT; };
		04CF123816D404C8009D89E3 /* Model3.xcdatamodel */ = {isa = PBXFileReference; lastKnownFileType = wrapper.xcdatamodel; path = Model3.xcdatamodel; sourceTree = "<group>"; };
		04D6D3FD16DCF72F0053C4AF /* Icon.png */ = {isa = PBXFileReference; lastKnownFileType = image.png; path = Icon.png; sourceTree = "<group>"; };
		04D6D40016DCF7980053C4AF /* passwordViewController.h */ = {isa = PBXFileReference; fileEncoding = 4; lastKnownFileType = sourcecode.c.h; path = passwordViewController.h; sourceTree = "<group>"; };
		04D6D40116DCF7980053C4AF /* passwordViewController.m */ = {isa = PBXFileReference; fileEncoding = 4; lastKnownFileType = sourcecode.c.objc; path = passwordViewController.m; sourceTree = "<group>"; };
		04D6D40316DCF7FA0053C4AF /* Note.h */ = {isa = PBXFileReference; fileEncoding = 4; lastKnownFileType = sourcecode.c.h; path = Note.h; sourceTree = "<group>"; };
		04D6D40416DCF7FA0053C4AF /* Note.m */ = {isa = PBXFileReference; fileEncoding = 4; lastKnownFileType = sourcecode.c.objc; path = Note.m; sourceTree = "<group>"; };
		04D6D40616DCF7FB0053C4AF /* Pswd.h */ = {isa = PBXFileReference; fileEncoding = 4; lastKnownFileType = sourcecode.c.h; path = Pswd.h; sourceTree = "<group>"; };
		04D6D40716DCF7FB0053C4AF /* Pswd.m */ = {isa = PBXFileReference; fileEncoding = 4; lastKnownFileType = sourcecode.c.objc; path = Pswd.m; sourceTree = "<group>"; };
		04D6D40A16DDCE620053C4AF /* passwordCell.h */ = {isa = PBXFileReference; fileEncoding = 4; lastKnownFileType = sourcecode.c.h; path = passwordCell.h; sourceTree = "<group>"; };
		04D6D40B16DDCE620053C4AF /* passwordCell.m */ = {isa = PBXFileReference; fileEncoding = 4; lastKnownFileType = sourcecode.c.objc; path = passwordCell.m; sourceTree = "<group>"; };
		04D6D40D16DDCE740053C4AF /* passwordCell.xib */ = {isa = PBXFileReference; fileEncoding = 4; lastKnownFileType = file.xib; path = passwordCell.xib; sourceTree = "<group>"; };
		04D6D41016DDE1290053C4AF /* askPasswordViewController.h */ = {isa = PBXFileReference; fileEncoding = 4; lastKnownFileType = sourcecode.c.h; path = askPasswordViewController.h; sourceTree = "<group>"; };
		04D6D41116DDE1290053C4AF /* askPasswordViewController.m */ = {isa = PBXFileReference; fileEncoding = 4; lastKnownFileType = sourcecode.c.objc; path = askPasswordViewController.m; sourceTree = "<group>"; };
/* End PBXFileReference section */

/* Begin PBXFrameworksBuildPhase section */
		0434EB0116D3A18000BD9C2B /* Frameworks */ = {
			isa = PBXFrameworksBuildPhase;
			buildActionMask = 2147483647;
			files = (
				0434EB0916D3A18000BD9C2B /* UIKit.framework in Frameworks */,
				0434EB0B16D3A18000BD9C2B /* Foundation.framework in Frameworks */,
				0434EB0D16D3A18000BD9C2B /* CoreGraphics.framework in Frameworks */,
				0434EB0F16D3A18000BD9C2B /* CoreData.framework in Frameworks */,
			);
			runOnlyForDeploymentPostprocessing = 0;
		};
/* End PBXFrameworksBuildPhase section */

/* Begin PBXGroup section */
		041A7D7916D492CF00F91496 /* Enter name cell */ = {
			isa = PBXGroup;
			children = (
				041A7D7416D492B400F91496 /* enterNameCell.h */,
				041A7D7516D492B400F91496 /* enterNameCell.m */,
				041A7D7716D492C900F91496 /* enterNameCell.xib */,
			);
			name = "Enter name cell";
			sourceTree = "<group>";
		};
		041A7D7A16D492DF00F91496 /* Note list cell */ = {
			isa = PBXGroup;
			children = (
				044DE1BE16D3B60B004CDE0A /* noteListCell.h */,
				044DE1BF16D3B60B004CDE0A /* noteListCell.m */,
				044DE1C116D3B620004CDE0A /* noteListCell.xib */,
			);
			name = "Note list cell";
			sourceTree = "<group>";
		};
		041A7D7B16D4943F00F91496 /* Enter text of note cell */ = {
			isa = PBXGroup;
			children = (
				041A7D7E16D4946F00F91496 /* enterTextCell.h */,
				041A7D7F16D4946F00F91496 /* enterTextCell.m */,
				041A7D7C16D4945B00F91496 /* enterTextCell.xib */,
			);
			name = "Enter text of note cell";
			sourceTree = "<group>";
		};
		041A7D8116D495ED00F91496 /* Note add */ = {
			isa = PBXGroup;
			children = (
				041A7D8216D496A700F91496 /* addNewNoteViewController.h */,
				041A7D8316D496A700F91496 /* addNewNoteViewController.m */,
			);
			name = "Note add";
			sourceTree = "<group>";
		};
		041A7D8916D4971500F91496 /* Private state switcher */ = {
			isa = PBXGroup;
			children = (
				041A7D8516D496DF00F91496 /* privateSwitcherCell.h */,
				041A7D8616D496DF00F91496 /* privateSwitcherCell.m */,
				041A7D8A16D4974200F91496 /* privateSwitcher.xib */,
			);
			name = "Private state switcher";
			sourceTree = "<group>";
		};
		0434EAF916D3A18000BD9C2B = {
			isa = PBXGroup;
			children = (
				0434EB1016D3A18000BD9C2B /* notes */,
				0434EB0716D3A18000BD9C2B /* Frameworks */,
				0434EB0516D3A18000BD9C2B /* Products */,
			);
			sourceTree = "<group>";
		};
		0434EB0516D3A18000BD9C2B /* Products */ = {
			isa = PBXGroup;
			children = (
				0434EB0416D3A18000BD9C2B /* notes.app */,
			);
			name = Products;
			sourceTree = "<group>";
		};
		0434EB0716D3A18000BD9C2B /* Frameworks */ = {
			isa = PBXGroup;
			children = (
				0434EB0816D3A18000BD9C2B /* UIKit.framework */,
				0434EB0A16D3A18000BD9C2B /* Foundation.framework */,
				0434EB0C16D3A18000BD9C2B /* CoreGraphics.framework */,
				0434EB0E16D3A18000BD9C2B /* CoreData.framework */,
			);
			name = Frameworks;
			sourceTree = "<group>";
		};
		0434EB1016D3A18000BD9C2B /* notes */ = {
			isa = PBXGroup;
			children = (
				0434EB1916D3A18000BD9C2B /* AppDelegate.h */,
				0434EB1A16D3A18000BD9C2B /* AppDelegate.m */,
				044DE1B716D3B237004CDE0A /* Window.xib */,
				04D6D41316DEBEDA0053C4AF /* Get first password */,
				044DE19C16D3AE3A004CDE0A /* Notes list */,
				044DE1B916D3B493004CDE0A /* Options */,
				044DE1B016D3B1C8004CDE0A /* Model */,
				044DE1BD16D3B53D004CDE0A /* Cells */,
				044DE1AC16D3B01E004CDE0A /* Password */,
				044DE1C316D3C02E004CDE0A /* Icons */,
				0434EB1116D3A18000BD9C2B /* Supporting Files */,
			);
			path = notes;
			sourceTree = "<group>";
		};
		0434EB1116D3A18000BD9C2B /* Supporting Files */ = {
			isa = PBXGroup;
			children = (
				0434EB1216D3A18000BD9C2B /* notes-Info.plist */,
				0434EB1316D3A18000BD9C2B /* InfoPlist.strings */,
				0434EB1616D3A18000BD9C2B /* main.m */,
				0434EB1816D3A18000BD9C2B /* notes-Prefix.pch */,
				0434EB1C16D3A18000BD9C2B /* Default.png */,
				0434EB1E16D3A18000BD9C2B /* Default@2x.png */,
				0434EB2016D3A18000BD9C2B /* Default-568h@2x.png */,
			);
			name = "Supporting Files";
			sourceTree = "<group>";
		};
		044DE19C16D3AE3A004CDE0A /* Notes list */ = {
			isa = PBXGroup;
			children = (
				044DE19E16D3AE54004CDE0A /* notesListViewController.h */,
				044DE19F16D3AE54004CDE0A /* notesListViewController.m */,
				04D6D40F16DDE1080053C4AF /* Ask for password */,
				041A7D8116D495ED00F91496 /* Note add */,
			);
			name = "Notes list";
			sourceTree = "<group>";
		};
		044DE1AC16D3B01E004CDE0A /* Password */ = {
			isa = PBXGroup;
			children = (
				044DE1AD16D3B045004CDE0A /* passwordSingleton.h */,
				044DE1AE16D3B045004CDE0A /* passwordSingleton.m */,
			);
			name = Password;
			sourceTree = "<group>";
		};
		044DE1B016D3B1C8004CDE0A /* Model */ = {
			isa = PBXGroup;
			children = (
				04CF123716D404C8009D89E3 /* Model3.xcdatamodeld */,
				04D6D40616DCF7FB0053C4AF /* Pswd.h */,
				04D6D40716DCF7FB0053C4AF /* Pswd.m */,
				04D6D40316DCF7FA0053C4AF /* Note.h */,
				04D6D40416DCF7FA0053C4AF /* Note.m */,
			);
			name = Model;
			sourceTree = "<group>";
		};
		044DE1B916D3B493004CDE0A /* Options */ = {
			isa = PBXGroup;
			children = (
				044DE1BA16D3B4C7004CDE0A /* OptionsViewController.h */,
				044DE1BB16D3B4C7004CDE0A /* OptionsViewController.m */,
				04D6D3FF16DCF7810053C4AF /* Password */,
			);
			name = Options;
			sourceTree = "<group>";
		};
		044DE1BD16D3B53D004CDE0A /* Cells */ = {
			isa = PBXGroup;
			children = (
				04D6D40916DDCE4A0053C4AF /* Password cell */,
				041A7D8916D4971500F91496 /* Private state switcher */,
				041A7D7B16D4943F00F91496 /* Enter text of note cell */,
				041A7D7916D492CF00F91496 /* Enter name cell */,
				041A7D7A16D492DF00F91496 /* Note list cell */,
			);
			name = Cells;
			sourceTree = "<group>";
		};
		044DE1C316D3C02E004CDE0A /* Icons */ = {
			isa = PBXGroup;
			children = (
				04CF122516D4004B009D89E3 /* lock.png */,
				04CF122616D4004B009D89E3 /* list.png */,
				04D6D3FD16DCF72F0053C4AF /* Icon.png */,
				04CF122716D4004B009D89E3 /* gear.png */,
			);
			name = Icons;
			sourceTree = "<group>";
		};
		04D6D3FF16DCF7810053C4AF /* Password */ = {
			isa = PBXGroup;
			children = (
				04D6D40016DCF7980053C4AF /* passwordViewController.h */,
				04D6D40116DCF7980053C4AF /* passwordViewController.m */,
			);
			name = Password;
			sourceTree = "<group>";
		};
		04D6D40916DDCE4A0053C4AF /* Password cell */ = {
			isa = PBXGroup;
			children = (
				04D6D40A16DDCE620053C4AF /* passwordCell.h */,
				04D6D40B16DDCE620053C4AF /* passwordCell.m */,
				04D6D40D16DDCE740053C4AF /* passwordCell.xib */,
			);
			name = "Password cell";
			sourceTree = "<group>";
		};
		04D6D40F16DDE1080053C4AF /* Ask for password */ = {
			isa = PBXGroup;
			children = (
				04D6D41016DDE1290053C4AF /* askPasswordViewController.h */,
				04D6D41116DDE1290053C4AF /* askPasswordViewController.m */,
			);
			name = "Ask for password";
			sourceTree = "<group>";
		};
		04D6D41316DEBEDA0053C4AF /* Get first password */ = {
			isa = PBXGroup;
			children = (
			);
			name = "Get first password";
			sourceTree = "<group>";
		};
/* End PBXGroup section */

/* Begin PBXNativeTarget section */
		0434EB0316D3A18000BD9C2B /* notes */ = {
			isa = PBXNativeTarget;
			buildConfigurationList = 0434EB2716D3A18000BD9C2B /* Build configuration list for PBXNativeTarget "notes" */;
			buildPhases = (
				0434EB0016D3A18000BD9C2B /* Sources */,
				0434EB0116D3A18000BD9C2B /* Frameworks */,
				0434EB0216D3A18000BD9C2B /* Resources */,
			);
			buildRules = (
			);
			dependencies = (
			);
			name = notes;
			productName = notes;
			productReference = 0434EB0416D3A18000BD9C2B /* notes.app */;
			productType = "com.apple.product-type.application";
		};
/* End PBXNativeTarget section */

/* Begin PBXProject section */
		0434EAFB16D3A18000BD9C2B /* Project object */ = {
			isa = PBXProject;
			attributes = {
				LastUpgradeCheck = 0450;
				ORGANIZATIONNAME = gg;
			};
			buildConfigurationList = 0434EAFE16D3A18000BD9C2B /* Build configuration list for PBXProject "notes" */;
			compatibilityVersion = "Xcode 3.2";
			developmentRegion = English;
			hasScannedForEncodings = 0;
			knownRegions = (
				en,
			);
			mainGroup = 0434EAF916D3A18000BD9C2B;
			productRefGroup = 0434EB0516D3A18000BD9C2B /* Products */;
			projectDirPath = "";
			projectRoot = "";
			targets = (
				0434EB0316D3A18000BD9C2B /* notes */,
			);
		};
/* End PBXProject section */

/* Begin PBXResourcesBuildPhase section */
		0434EB0216D3A18000BD9C2B /* Resources */ = {
			isa = PBXResourcesBuildPhase;
			buildActionMask = 2147483647;
			files = (
				0434EB1516D3A18000BD9C2B /* InfoPlist.strings in Resources */,
				0434EB1D16D3A18000BD9C2B /* Default.png in Resources */,
				0434EB1F16D3A18000BD9C2B /* Default@2x.png in Resources */,
				0434EB2116D3A18000BD9C2B /* Default-568h@2x.png in Resources */,
				044DE1B816D3B237004CDE0A /* Window.xib in Resources */,
				044DE1C216D3B620004CDE0A /* noteListCell.xib in Resources */,
				04CF122816D4004B009D89E3 /* lock.png in Resources */,
				04CF122916D4004B009D89E3 /* list.png in Resources */,
				04CF122A16D4004B009D89E3 /* gear.png in Resources */,
				041A7D7816D492C900F91496 /* enterNameCell.xib in Resources */,
				041A7D7D16D4945B00F91496 /* enterTextCell.xib in Resources */,
				041A7D8B16D4974200F91496 /* privateSwitcher.xib in Resources */,
				04D6D3FE16DCF72F0053C4AF /* Icon.png in Resources */,
				04D6D40E16DDCE740053C4AF /* passwordCell.xib in Resources */,
			);
			runOnlyForDeploymentPostprocessing = 0;
		};
/* End PBXResourcesBuildPhase section */

/* Begin PBXSourcesBuildPhase section */
		0434EB0016D3A18000BD9C2B /* Sources */ = {
			isa = PBXSourcesBuildPhase;
			buildActionMask = 2147483647;
			files = (
				0434EB1716D3A18000BD9C2B /* main.m in Sources */,
				0434EB1B16D3A18000BD9C2B /* AppDelegate.m in Sources */,
				044DE1A116D3AE54004CDE0A /* notesListViewController.m in Sources */,
				044DE1AF16D3B045004CDE0A /* passwordSingleton.m in Sources */,
				044DE1BC16D3B4C7004CDE0A /* OptionsViewController.m in Sources */,
				044DE1C016D3B60B004CDE0A /* noteListCell.m in Sources */,
				04CF123916D404C8009D89E3 /* Model3.xcdatamodeld in Sources */,
				041A7D7616D492B400F91496 /* enterNameCell.m in Sources */,
				041A7D8016D4946F00F91496 /* enterTextCell.m in Sources */,
				041A7D8416D496A700F91496 /* addNewNoteViewController.m in Sources */,
				041A7D8716D496DF00F91496 /* privateSwitcherCell.m in Sources */,
				04D6D40216DCF7980053C4AF /* passwordViewController.m in Sources */,
				04D6D40516DCF7FA0053C4AF /* Note.m in Sources */,
				04D6D40816DCF7FB0053C4AF /* Pswd.m in Sources */,
				04D6D40C16DDCE620053C4AF /* passwordCell.m in Sources */,
				04D6D41216DDE1290053C4AF /* askPasswordViewController.m in Sources */,
			);
			runOnlyForDeploymentPostprocessing = 0;
		};
/* End PBXSourcesBuildPhase section */

/* Begin PBXVariantGroup section */
		0434EB1316D3A18000BD9C2B /* InfoPlist.strings */ = {
			isa = PBXVariantGroup;
			children = (
				0434EB1416D3A18000BD9C2B /* en */,
			);
			name = InfoPlist.strings;
			sourceTree = "<group>";
		};
/* End PBXVariantGroup section */

/* Begin XCBuildConfiguration section */
		0434EB2516D3A18000BD9C2B /* Debug */ = {
			isa = XCBuildConfiguration;
			buildSettings = {
				ALWAYS_SEARCH_USER_PATHS = NO;
				CLANG_CXX_LANGUAGE_STANDARD = "gnu++0x";
				CLANG_CXX_LIBRARY = "libc++";
				CLANG_ENABLE_OBJC_ARC = YES;
				CLANG_WARN_EMPTY_BODY = YES;
				CLANG_WARN__DUPLICATE_METHOD_MATCH = YES;
				CODE_SIGN_IDENTITY = FaceSert;
				"CODE_SIGN_IDENTITY[sdk=iphoneos*]" = FaceSert;
				COPY_PHASE_STRIP = NO;
				GCC_C_LANGUAGE_STANDARD = gnu99;
				GCC_DYNAMIC_NO_PIC = NO;
				GCC_OPTIMIZATION_LEVEL = 0;
				GCC_PREPROCESSOR_DEFINITIONS = (
					"DEBUG=1",
					"$(inherited)",
				);
				GCC_SYMBOLS_PRIVATE_EXTERN = NO;
				GCC_WARN_ABOUT_RETURN_TYPE = YES;
				GCC_WARN_UNINITIALIZED_AUTOS = YES;
				GCC_WARN_UNUSED_VARIABLE = YES;
				IPHONEOS_DEPLOYMENT_TARGET = 5.1;
				ONLY_ACTIVE_ARCH = YES;
				PROVISIONING_PROFILE = "";
				"PROVISIONING_PROFILE[sdk=iphoneos*]" = "";
				SDKROOT = iphoneos;
			};
			name = Debug;
		};
		0434EB2616D3A18000BD9C2B /* Release */ = {
			isa = XCBuildConfiguration;
			buildSettings = {
				ALWAYS_SEARCH_USER_PATHS = NO;
				CLANG_CXX_LANGUAGE_STANDARD = "gnu++0x";
				CLANG_CXX_LIBRARY = "libc++";
				CLANG_ENABLE_OBJC_ARC = YES;
				CLANG_WARN_EMPTY_BODY = YES;
				CLANG_WARN__DUPLICATE_METHOD_MATCH = YES;
				CODE_SIGN_IDENTITY = FaceSert;
				"CODE_SIGN_IDENTITY[sdk=iphoneos*]" = FaceSert;
				COPY_PHASE_STRIP = YES;
				GCC_C_LANGUAGE_STANDARD = gnu99;
				GCC_WARN_ABOUT_RETURN_TYPE = YES;
				GCC_WARN_UNINITIALIZED_AUTOS = YES;
				GCC_WARN_UNUSED_VARIABLE = YES;
				IPHONEOS_DEPLOYMENT_TARGET = 5.1;
				OTHER_CFLAGS = "-DNS_BLOCK_ASSERTIONS=1";
				PROVISIONING_PROFILE = "";
				"PROVISIONING_PROFILE[sdk=iphoneos*]" = "";
				SDKROOT = iphoneos;
				VALIDATE_PRODUCT = YES;
			};
			name = Release;
		};
		0434EB2816D3A18000BD9C2B /* Debug */ = {
			isa = XCBuildConfiguration;
			buildSettings = {
				GCC_PRECOMPILE_PREFIX_HEADER = YES;
				GCC_PREFIX_HEADER = "notes/notes-Prefix.pch";
				INFOPLIST_FILE = "notes/notes-Info.plist";
				IPHONEOS_DEPLOYMENT_TARGET = 5.1;
				PRODUCT_NAME = "$(TARGET_NAME)";
				WRAPPER_EXTENSION = app;
			};
			name = Debug;
		};
		0434EB2916D3A18000BD9C2B /* Release */ = {
			isa = XCBuildConfiguration;
			buildSettings = {
				GCC_PRECOMPILE_PREFIX_HEADER = YES;
				GCC_PREFIX_HEADER = "notes/notes-Prefix.pch";
				INFOPLIST_FILE = "notes/notes-Info.plist";
				IPHONEOS_DEPLOYMENT_TARGET = 5.1;
				PRODUCT_NAME = "$(TARGET_NAME)";
				WRAPPER_EXTENSION = app;
			};
			name = Release;
		};
/* End XCBuildConfiguration section */

/* Begin XCConfigurationList section */
		0434EAFE16D3A18000BD9C2B /* Build configuration list for PBXProject "notes" */ = {
			isa = XCConfigurationList;
			buildConfigurations = (
				0434EB2516D3A18000BD9C2B /* Debug */,
				0434EB2616D3A18000BD9C2B /* Release */,
			);
			defaultConfigurationIsVisible = 0;
			defaultConfigurationName = Release;
		};
		0434EB2716D3A18000BD9C2B /* Build configuration list for PBXNativeTarget "notes" */ = {
			isa = XCConfigurationList;
			buildConfigurations = (
				0434EB2816D3A18000BD9C2B /* Debug */,
				0434EB2916D3A18000BD9C2B /* Release */,
			);
			defaultConfigurationIsVisible = 0;
			defaultConfigurationName = Release;
		};
/* End XCConfigurationList section */

/* Begin XCVersionGroup section */
		04CF123716D404C8009D89E3 /* Model3.xcdatamodeld */ = {
			isa = XCVersionGroup;
			children = (
				04CF123816D404C8009D89E3 /* Model3.xcdatamodel */,
			);
			currentVersion = 04CF123816D404C8009D89E3 /* Model3.xcdatamodel */;
			path = Model3.xcdatamodeld;
			sourceTree = "<group>";
			versionGroupType = wrapper.xcdatamodel;
		};
/* End XCVersionGroup section */
	};
	rootObject = 0434EAFB16D3A18000BD9C2B /* Project object */;
}
